{
  "nodes": {
    "emacs-conf": {
      "flake": false,
      "locked": {
        "lastModified": 1787818130,
        "narHash": "sha256-uGo5gniGeW3ZJdk5ghYCONO/ntWIJehl1OdnX+cr0cE=",
        "owner": "ecofighter",
        "repo": ".emacs.d",
        "rev": "7cd6d6a5c0b4e425201cdabbb4c28005905bf1be",
        "type": "github"
      },
      "original": {
        "owner": "ecofighter",
        "repo": ".emacs.d",
        "type": "github"
      }
    },
    "emacs-overlay": {
      "inputs": {
        "nixpkgs": [
          "nixpkgs"
        ],
        "nixpkgs-stable": "nixpkgs-stable"
      },
      "locked": {
        "lastModified": 1787765989,
        "narHash": "sha256-IQaU1v2LYWp0In3JIb11sYtlpNabGrjH8uBrgpa5qLs=",
        "owner": "nix-community",
        "repo": "emacs-overlay",
        "rev": "114185a4f857a4d07520e2d7c73347c322e1c300",
        "type": "github"
      },
      "original": {
        "owner": "nix-community",
        "repo": "emacs-overlay",
        "type": "github"
      }
    },
    "home-manager": {
      "inputs": {
        "nixpkgs": [
          "nixpkgs"
        ]
      },
      "locked": {
        "lastModified": 1787797243,
        "narHash": "sha256-8+Q7NOB7RPajRjA4pbCDLzqH+MTjnG9x6LUPLfL2joA=",
        "owner": "nix-community",
        "repo": "home-manager",
        "rev": "99c9ec63390f1d8c14d95d9e8b17cc29cfbd4e11",
        "type": "github"
      },
      "original": {
        "owner": "nix-community",
        "ref": "master",
        "repo": "home-manager",
        "type": "github"
      }
    },
    "lean4-mode": {
      "flake": false,
      "locked": {
        "lastModified": 1748752682,
        "narHash": "sha256-6XFcyqSTx1CwNWqQvIc25cuQMwh3YXnbgr5cDiOCxBk=",
        "owner": "leanprover-community",
        "repo": "lean4-mode",
        "rev": "1388f9d1429e38a39ab913c6daae55f6ce799479",
        "type": "github"
      },
      "original": {
        "owner": "leanprover-community",
        "repo": "lean4-mode",
        "type": "github"
      }
    },
    "nix-darwin": {
      "inputs": {
        "nixpkgs": [
          "nixpkgs"
        ]
      },
      "locked": {
        "lastModified": 1786845137,
        "narHash": "sha256-oQFip+v0luP8NIxJzmiW4Wu8bILsbFWom5l0zonl8hQ=",
        "owner": "nix-darwin",
        "repo": "nix-darwin",
        "rev": "4cff07de74b50e64bdd68cd4e722ab5b6b35ee48",
        "type": "github"
      },
      "original": {
        "owner": "nix-darwin",
        "ref": "master",
        "repo": "nix-darwin",
        "type": "github"
      }
    },
    "nixpkgs": {
      "locked": {
        "lastModified": 1787498568,
        "narHash": "sha256-9i/VTdusq/+NM/tz+J1Re+ojkMB8MBf0QshnYfzHz30=",
        "owner": "nixos",
        "repo": "nixpkgs",
        "rev": "56c02bc00adcf003215cc4bd996d6efaf4cff188",
        "type": "github"
      },
      "original": {
        "owner": "nixos",
        "ref": "nixos-unstable",
        "repo": "nixpkgs",
        "type": "github"
      }
    },
    "nixpkgs-stable": {
      "locked": {
        "lastModified": 1787640266,
        "narHash": "sha256-MrkfE5hF5xx4L/0h5NyJ3xQkKVftwSuKSkFSrvlTxGY=",
        "owner": "NixOS",
        "repo": "nixpkgs",
        "rev": "f4f698677b11021a8f84f452e23ae9ef2427bec3",
        "type": "github"
      },
      "original": {
        "owner": "NixOS",
        "ref": "nixos-26.05",
        "repo": "nixpkgs",
        "type": "github"
      }
    },
    "plasma-manager": {
      "inputs": {
        "home-manager": [
          "home-manager"
        ],
        "nixpkgs": [
          "nixpkgs"
        ]
      },
      "locked": {
        "lastModified": 1785762349,
        "narHash": "sha256-jZhZkzAwc7f3exzcTDJWP2WCAchCv0iNC3UF/QsahdQ=",
        "owner": "nix-community",
        "repo": "plasma-manager",
        "rev": "a19a2a029fa180911bd89c554dca1616e10f4c1d",
        "type": "github"
      },
      "original": {
        "owner": "nix-community",
        "repo": "plasma-manager",
        "type": "github"
      }
    },
    "root": {
      "inputs": {
        "emacs-conf": "emacs-conf",
        "emacs-overlay": "emacs-overlay",
        "home-manager": "home-manager",
        "lean4-mode": "lean4-mode",
        "nix-darwin": "nix-darwin",
        "nixpkgs": "nixpkgs",
        "plasma-manager": "plasma-manager",
        "sops-nix": "sops-nix"
      }
    },
    "sops-nix": {
      "inputs": {
        "nixpkgs": [
          "nixpkgs"
        ]
      },
      "locked": {
        "lastModified": 1786629091,
        "narHash": "sha256-gkig4nPi1CWc4Z50GBsjE4ygSE7hMpl/TwID2an2Cck=",
        "owner": "Mic92",
        "repo": "sops-nix",
        "rev": "a8627b21b9107c5711c96b84f32a9a4b3d45295f",
        "type": "github"
      },
      "original": {
        "owner": "Mic92",
        "repo": "sops-nix",
        "type": "github"
      }
    }
  },
  "root": "root",
  "version": 7
}
